
Microsoft Visual Studio Solution File, Format Version 11.00
# Visual Studio 2010
Project("{2150E333-8FDC-42A3-9474-1A3956D46DE8}") = "src", "src", "{F09B4220-714D-4E23-B53C-09C969E6FDE1}"
EndProject
Project("{2150E333-8FDC-42A3-9474-1A3956D46DE8}") = "test", "test", "{EC623DF5-4056-43EC-ABE7-03C1F6AA635A}"
EndProject
Project("{FAE04EC0-301F-11D3-BF4B-00C04F79EFBC}") = "calendar-authentication", "src\calendar-authentication\calendar-authentication.csproj", "{E39CE718-A070-497E-8BB7-E0141A26AD85}"
EndProject
Project("{FAE04EC0-301F-11D3-BF4B-00C04F79EFBC}") = "calendar-client", "src\calendar-client\calendar-client.csproj", "{1CC21770-B661-4C9A-B667-07EEF9FFCB68}"
EndProject
Project("{FAE04EC0-301F-11D3-BF4B-00C04F79EFBC}") = "calendar-client-schema", "src\calendar-client-schema\calendar-client-schema.csproj", "{EBF13814-DB48-42AF-97CB-66E0A12AA432}"
EndProject
Project("{FAE04EC0-301F-11D3-BF4B-00C04F79EFBC}") = "calendar-feed", "src\calendar-feed\calendar-feed.csproj", "{38BD73F8-6D13-4DFB-BB23-9049BF08F5EF}"
EndProject
Project("{FAE04EC0-301F-11D3-BF4B-00C04F79EFBC}") = "calendar-general", "src\calendar-general\calendar-general.csproj", "{8F2C88D1-B49C-424C-A8AA-6F4F07B85AC8}"
EndProject
Project("{FAE04EC0-301F-11D3-BF4B-00C04F79EFBC}") = "calendar-general-dto", "src\calendar-general-dto\calendar-general-dto.csproj", "{0EE33E78-9FA3-4731-AE3D-0B298911F08B}"
EndProject
Project("{FAE04EC0-301F-11D3-BF4B-00C04F79EFBC}") = "calendar-model", "src\calendar-model\calendar-model.csproj", "{B29598C8-49C7-4F89-8BCA-139C2B3FE8E2}"
EndProject
Project("{FAE04EC0-301F-11D3-BF4B-00C04F79EFBC}") = "calendar-model-compact", "src\calendar-model-compact\calendar-model-compact.csproj", "{4A9EB552-C4A2-4CCC-A45C-DDFB1B4FF7F2}"
EndProject
Project("{FAE04EC0-301F-11D3-BF4B-00C04F79EFBC}") = "calendar-model-convertor", "src\calendar-model-convertor\calendar-model-convertor.csproj", "{F8650FB9-AE4E-4292-A6E2-AF2A14DD0834}"
EndProject
Project("{FAE04EC0-301F-11D3-BF4B-00C04F79EFBC}") = "calendar-persistence", "src\calendar-persistence\calendar-persistence.csproj", "{70700440-EE39-4448-A422-47F9407069B1}"
EndProject
Project("{FAE04EC0-301F-11D3-BF4B-00C04F79EFBC}") = "calendar-service", "src\calendar-service\calendar-service.csproj", "{3F2D5265-E71A-4EBD-BA1C-8F778A39878F}"
EndProject
Project("{FAE04EC0-301F-11D3-BF4B-00C04F79EFBC}") = "db-migration", "src\DBMigration\db-migration.csproj", "{55DAB111-4267-4D23-8146-4246E7586266}"
EndProject
Project("{FAE04EC0-301F-11D3-BF4B-00C04F79EFBC}") = "unit-test", "test\unit-test\unit-test.csproj", "{3D18F7C9-39DD-4BD2-AC24-386E79BC407B}"
EndProject
Project("{FAE04EC0-301F-11D3-BF4B-00C04F79EFBC}") = "api-test", "test\api-test\api-test.csproj", "{2F89F202-2AE8-479D-B6A0-D149D5E15605}"
EndProject
Global
	GlobalSection(SolutionConfigurationPlatforms) = preSolution
		Debug|Any CPU = Debug|Any CPU
		Release|Any CPU = Release|Any CPU
	EndGlobalSection
	GlobalSection(ProjectConfigurationPlatforms) = postSolution
		{E39CE718-A070-497E-8BB7-E0141A26AD85}.Debug|Any CPU.ActiveCfg = Debug|Any CPU
		{E39CE718-A070-497E-8BB7-E0141A26AD85}.Debug|Any CPU.Build.0 = Debug|Any CPU
		{E39CE718-A070-497E-8BB7-E0141A26AD85}.Release|Any CPU.ActiveCfg = Release|Any CPU
		{E39CE718-A070-497E-8BB7-E0141A26AD85}.Release|Any CPU.Build.0 = Release|Any CPU
		{1CC21770-B661-4C9A-B667-07EEF9FFCB68}.Debug|Any CPU.ActiveCfg = Debug|Any CPU
		{1CC21770-B661-4C9A-B667-07EEF9FFCB68}.Debug|Any CPU.Build.0 = Debug|Any CPU
		{1CC21770-B661-4C9A-B667-07EEF9FFCB68}.Release|Any CPU.ActiveCfg = Release|Any CPU
		{1CC21770-B661-4C9A-B667-07EEF9FFCB68}.Release|Any CPU.Build.0 = Release|Any CPU
		{EBF13814-DB48-42AF-97CB-66E0A12AA432}.Debug|Any CPU.ActiveCfg = Debug|Any CPU
		{EBF13814-DB48-42AF-97CB-66E0A12AA432}.Debug|Any CPU.Build.0 = Debug|Any CPU
		{EBF13814-DB48-42AF-97CB-66E0A12AA432}.Release|Any CPU.ActiveCfg = Release|Any CPU
		{EBF13814-DB48-42AF-97CB-66E0A12AA432}.Release|Any CPU.Build.0 = Release|Any CPU
		{38BD73F8-6D13-4DFB-BB23-9049BF08F5EF}.Debug|Any CPU.ActiveCfg = Debug|Any CPU
		{38BD73F8-6D13-4DFB-BB23-9049BF08F5EF}.Debug|Any CPU.Build.0 = Debug|Any CPU
		{38BD73F8-6D13-4DFB-BB23-9049BF08F5EF}.Release|Any CPU.ActiveCfg = Release|Any CPU
		{38BD73F8-6D13-4DFB-BB23-9049BF08F5EF}.Release|Any CPU.Build.0 = Release|Any CPU
		{8F2C88D1-B49C-424C-A8AA-6F4F07B85AC8}.Debug|Any CPU.ActiveCfg = Debug|Any CPU
		{8F2C88D1-B49C-424C-A8AA-6F4F07B85AC8}.Debug|Any CPU.Build.0 = Debug|Any CPU
		{8F2C88D1-B49C-424C-A8AA-6F4F07B85AC8}.Release|Any CPU.ActiveCfg = Release|Any CPU
		{8F2C88D1-B49C-424C-A8AA-6F4F07B85AC8}.Release|Any CPU.Build.0 = Release|Any CPU
		{0EE33E78-9FA3-4731-AE3D-0B298911F08B}.Debug|Any CPU.ActiveCfg = Debug|Any CPU
		{0EE33E78-9FA3-4731-AE3D-0B298911F08B}.Debug|Any CPU.Build.0 = Debug|Any CPU
		{0EE33E78-9FA3-4731-AE3D-0B298911F08B}.Release|Any CPU.ActiveCfg = Release|Any CPU
		{0EE33E78-9FA3-4731-AE3D-0B298911F08B}.Release|Any CPU.Build.0 = Release|Any CPU
		{B29598C8-49C7-4F89-8BCA-139C2B3FE8E2}.Debug|Any CPU.ActiveCfg = Debug|Any CPU
		{B29598C8-49C7-4F89-8BCA-139C2B3FE8E2}.Debug|Any CPU.Build.0 = Debug|Any CPU
		{B29598C8-49C7-4F89-8BCA-139C2B3FE8E2}.Release|Any CPU.ActiveCfg = Release|Any CPU
		{B29598C8-49C7-4F89-8BCA-139C2B3FE8E2}.Release|Any CPU.Build.0 = Release|Any CPU
		{4A9EB552-C4A2-4CCC-A45C-DDFB1B4FF7F2}.Debug|Any CPU.ActiveCfg = Debug|Any CPU
		{4A9EB552-C4A2-4CCC-A45C-DDFB1B4FF7F2}.Debug|Any CPU.Build.0 = Debug|Any CPU
		{4A9EB552-C4A2-4CCC-A45C-DDFB1B4FF7F2}.Release|Any CPU.ActiveCfg = Release|Any CPU
		{4A9EB552-C4A2-4CCC-A45C-DDFB1B4FF7F2}.Release|Any CPU.Build.0 = Release|Any CPU
		{F8650FB9-AE4E-4292-A6E2-AF2A14DD0834}.Debug|Any CPU.ActiveCfg = Debug|Any CPU
		{F8650FB9-AE4E-4292-A6E2-AF2A14DD0834}.Debug|Any CPU.Build.0 = Debug|Any CPU
		{F8650FB9-AE4E-4292-A6E2-AF2A14DD0834}.Release|Any CPU.ActiveCfg = Release|Any CPU
		{F8650FB9-AE4E-4292-A6E2-AF2A14DD0834}.Release|Any CPU.Build.0 = Release|Any CPU
		{70700440-EE39-4448-A422-47F9407069B1}.Debug|Any CPU.ActiveCfg = Debug|Any CPU
		{70700440-EE39-4448-A422-47F9407069B1}.Debug|Any CPU.Build.0 = Debug|Any CPU
		{70700440-EE39-4448-A422-47F9407069B1}.Release|Any CPU.ActiveCfg = Release|Any CPU
		{70700440-EE39-4448-A422-47F9407069B1}.Release|Any CPU.Build.0 = Release|Any CPU
		{3F2D5265-E71A-4EBD-BA1C-8F778A39878F}.Debug|Any CPU.ActiveCfg = Debug|Any CPU
		{3F2D5265-E71A-4EBD-BA1C-8F778A39878F}.Debug|Any CPU.Build.0 = Debug|Any CPU
		{3F2D5265-E71A-4EBD-BA1C-8F778A39878F}.Release|Any CPU.ActiveCfg = Release|Any CPU
		{3F2D5265-E71A-4EBD-BA1C-8F778A39878F}.Release|Any CPU.Build.0 = Release|Any CPU
		{55DAB111-4267-4D23-8146-4246E7586266}.Debug|Any CPU.ActiveCfg = Debug|Any CPU
		{55DAB111-4267-4D23-8146-4246E7586266}.Debug|Any CPU.Build.0 = Debug|Any CPU
		{55DAB111-4267-4D23-8146-4246E7586266}.Release|Any CPU.ActiveCfg = Release|Any CPU
		{55DAB111-4267-4D23-8146-4246E7586266}.Release|Any CPU.Build.0 = Release|Any CPU
		{3D18F7C9-39DD-4BD2-AC24-386E79BC407B}.Debug|Any CPU.ActiveCfg = Debug|Any CPU
		{3D18F7C9-39DD-4BD2-AC24-386E79BC407B}.Debug|Any CPU.Build.0 = Debug|Any CPU
		{3D18F7C9-39DD-4BD2-AC24-386E79BC407B}.Release|Any CPU.ActiveCfg = Release|Any CPU
		{3D18F7C9-39DD-4BD2-AC24-386E79BC407B}.Release|Any CPU.Build.0 = Release|Any CPU
		{2F89F202-2AE8-479D-B6A0-D149D5E15605}.Debug|Any CPU.ActiveCfg = Debug|Any CPU
		{2F89F202-2AE8-479D-B6A0-D149D5E15605}.Debug|Any CPU.Build.0 = Debug|Any CPU
		{2F89F202-2AE8-479D-B6A0-D149D5E15605}.Release|Any CPU.ActiveCfg = Release|Any CPU
		{2F89F202-2AE8-479D-B6A0-D149D5E15605}.Release|Any CPU.Build.0 = Release|Any CPU
	EndGlobalSection
	GlobalSection(SolutionProperties) = preSolution
		HideSolutionNode = FALSE
	EndGlobalSection
	GlobalSection(NestedProjects) = preSolution
		{E39CE718-A070-497E-8BB7-E0141A26AD85} = {F09B4220-714D-4E23-B53C-09C969E6FDE1}
		{1CC21770-B661-4C9A-B667-07EEF9FFCB68} = {F09B4220-714D-4E23-B53C-09C969E6FDE1}
		{EBF13814-DB48-42AF-97CB-66E0A12AA432} = {F09B4220-714D-4E23-B53C-09C969E6FDE1}
		{38BD73F8-6D13-4DFB-BB23-9049BF08F5EF} = {F09B4220-714D-4E23-B53C-09C969E6FDE1}
		{8F2C88D1-B49C-424C-A8AA-6F4F07B85AC8} = {F09B4220-714D-4E23-B53C-09C969E6FDE1}
		{0EE33E78-9FA3-4731-AE3D-0B298911F08B} = {F09B4220-714D-4E23-B53C-09C969E6FDE1}
		{B29598C8-49C7-4F89-8BCA-139C2B3FE8E2} = {F09B4220-714D-4E23-B53C-09C969E6FDE1}
		{4A9EB552-C4A2-4CCC-A45C-DDFB1B4FF7F2} = {F09B4220-714D-4E23-B53C-09C969E6FDE1}
		{F8650FB9-AE4E-4292-A6E2-AF2A14DD0834} = {F09B4220-714D-4E23-B53C-09C969E6FDE1}
		{70700440-EE39-4448-A422-47F9407069B1} = {F09B4220-714D-4E23-B53C-09C969E6FDE1}
		{3F2D5265-E71A-4EBD-BA1C-8F778A39878F} = {F09B4220-714D-4E23-B53C-09C969E6FDE1}
		{55DAB111-4267-4D23-8146-4246E7586266} = {F09B4220-714D-4E23-B53C-09C969E6FDE1}
		{3D18F7C9-39DD-4BD2-AC24-386E79BC407B} = {EC623DF5-4056-43EC-ABE7-03C1F6AA635A}
		{2F89F202-2AE8-479D-B6A0-D149D5E15605} = {EC623DF5-4056-43EC-ABE7-03C1F6AA635A}
	EndGlobalSection
EndGlobal
